Microsoft Visual Studio Solution File, Format Version 12.00
# Visual Studio 2012
Project("{FAE04EC0-301F-11D3-BF4B-00C04F79EFBC}") = "MTG_Offline_Battler", "MTG_Offline_Battler.csproj", "{2AAD47AB-9242-4100-BD47-F679B7DF8623}"
EndProject
Global
	GlobalSection(SolutionConfigurationPlatforms) = preSolution
	Debug|Any CPU = Debug|Any CPU
	ExportDebug|Any CPU = ExportDebug|Any CPU
	ExportRelease|Any CPU = ExportRelease|Any CPU
	EndGlobalSection
	GlobalSection(ProjectConfigurationPlatforms) = postSolution
		{2AAD47AB-9242-4100-BD47-F679B7DF8623}.Debug|Any CPU.ActiveCfg = Debug|Any CPU
		{2AAD47AB-9242-4100-BD47-F679B7DF8623}.Debug|Any CPU.Build.0 = Debug|Any CPU
		{2AAD47AB-9242-4100-BD47-F679B7DF8623}.ExportDebug|Any CPU.ActiveCfg = ExportDebug|Any CPU
		{2AAD47AB-9242-4100-BD47-F679B7DF8623}.ExportDebug|Any CPU.Build.0 = ExportDebug|Any CPU
		{2AAD47AB-9242-4100-BD47-F679B7DF8623}.ExportRelease|Any CPU.ActiveCfg = ExportRelease|Any CPU
		{2AAD47AB-9242-4100-BD47-F679B7DF8623}.ExportRelease|Any CPU.Build.0 = ExportRelease|Any CPU
	EndGlobalSection
EndGlobal
